// !$*UTF8*$!
{
	archiveVersion = 1;
	classes = {
	};
	objectVersion = 56;
	objects = {

/* Begin PBXBuildFile section */
		040E41262BF5D34400358910 /* MAD_ALP_Tim_CharlinApp.swift in Sources */ = {isa = PBXBuildFile; fileRef = 040E41252BF5D34400358910 /* MAD_ALP_Tim_CharlinApp.swift */; };
		040E41282BF5D34400358910 /* ContentView.swift in Sources */ = {isa = PBXBuildFile; fileRef = 040E41272BF5D34400358910 /* ContentView.swift */; };
		040E412A2BF5D34500358910 /* Assets.xcassets in Resources */ = {isa = PBXBuildFile; fileRef = 040E41292BF5D34500358910 /* Assets.xcassets */; };
		040E412D2BF5D34500358910 /* Preview Assets.xcassets in Resources */ = {isa = PBXBuildFile; fileRef = 040E412C2BF5D34500358910 /* Preview Assets.xcassets */; };
		04112AF52C0F7CE300F7F134 /* CustomizeView.swift in Sources */ = {isa = PBXBuildFile; fileRef = 04112AF42C0F7CE300F7F134 /* CustomizeView.swift */; };
		04112AFA2C0F9F8000F7F134 /* Accessory.swift in Sources */ = {isa = PBXBuildFile; fileRef = 04112AF92C0F9F8000F7F134 /* Accessory.swift */; };
		04112AFC2C0FA02700F7F134 /* DataManager.swift in Sources */ = {isa = PBXBuildFile; fileRef = 04112AFB2C0FA02700F7F134 /* DataManager.swift */; };
		04112B002C10009300F7F134 /* TamagochiDisplay.swift in Sources */ = {isa = PBXBuildFile; fileRef = 04112AFF2C10009300F7F134 /* TamagochiDisplay.swift */; };
		0429AA492C083FFA005E85F4 /* ProgressView.swift in Sources */ = {isa = PBXBuildFile; fileRef = 0429AA482C083FFA005E85F4 /* ProgressView.swift */; };
		046851162C12266500B34914 /* Stat.swift in Sources */ = {isa = PBXBuildFile; fileRef = 046851152C12266500B34914 /* Stat.swift */; };
		046851192C12269F00B34914 /* ScrollableSelectionView.swift in Sources */ = {isa = PBXBuildFile; fileRef = 046851182C12269F00B34914 /* ScrollableSelectionView.swift */; };
		0468511E2C122A2A00B34914 /* ScrollableSelectionView.swift in Sources */ = {isa = PBXBuildFile; fileRef = 046851182C12269F00B34914 /* ScrollableSelectionView.swift */; };
		0468511F2C122A2A00B34914 /* Accessory.swift in Sources */ = {isa = PBXBuildFile; fileRef = 04112AF92C0F9F8000F7F134 /* Accessory.swift */; };
		046851202C122A2A00B34914 /* ProgressBar.swift in Sources */ = {isa = PBXBuildFile; fileRef = 04C996382C0F0FF4000F479A /* ProgressBar.swift */; };
		046851212C122A2A00B34914 /* Tamagochi.swift in Sources */ = {isa = PBXBuildFile; fileRef = 04C996352C0EEEA9000F479A /* Tamagochi.swift */; };
		046851222C122A2A00B34914 /* Stat.swift in Sources */ = {isa = PBXBuildFile; fileRef = 046851152C12266500B34914 /* Stat.swift */; };
		046851272C122A5900B34914 /* HorizontalPageIndicator.swift in Sources */ = {isa = PBXBuildFile; fileRef = 046851252C122A5900B34914 /* HorizontalPageIndicator.swift */; };
		0468512A2C122A9100B34914 /* StatView.swift in Sources */ = {isa = PBXBuildFile; fileRef = 046851282C122A9100B34914 /* StatView.swift */; };
		0468512D2C122AC700B34914 /* WatchDisplayTamagochi.swift in Sources */ = {isa = PBXBuildFile; fileRef = 0468512B2C122AC700B34914 /* WatchDisplayTamagochi.swift */; };
		0468512F2C122B1500B34914 /* ButtonAction.swift in Sources */ = {isa = PBXBuildFile; fileRef = 0468512E2C122B1500B34914 /* ButtonAction.swift */; };
		046851312C122B3200B34914 /* HomeView.swift in Sources */ = {isa = PBXBuildFile; fileRef = 046851302C122B3200B34914 /* HomeView.swift */; };
		046851332C122B4E00B34914 /* SwitchAccessory.swift in Sources */ = {isa = PBXBuildFile; fileRef = 046851322C122B4E00B34914 /* SwitchAccessory.swift */; };
		046851352C122B7500B34914 /* Player.swift in Sources */ = {isa = PBXBuildFile; fileRef = 046851342C122B7500B34914 /* Player.swift */; };
		046851362C122B7500B34914 /* Player.swift in Sources */ = {isa = PBXBuildFile; fileRef = 046851342C122B7500B34914 /* Player.swift */; };
		046851382C1231F100B34914 /* AccessoriesView.swift in Sources */ = {isa = PBXBuildFile; fileRef = 046851372C1231F100B34914 /* AccessoriesView.swift */; };
		0468513C2C12379800B34914 /* ShopHeaderView.swift in Sources */ = {isa = PBXBuildFile; fileRef = 0468513B2C12379800B34914 /* ShopHeaderView.swift */; };
		0468513E2C12387600B34914 /* ShopSelectionView.swift in Sources */ = {isa = PBXBuildFile; fileRef = 0468513D2C12387600B34914 /* ShopSelectionView.swift */; };
		046851402C1238A100B34914 /* ShopItem.swift in Sources */ = {isa = PBXBuildFile; fileRef = 0468513F2C1238A100B34914 /* ShopItem.swift */; };
		046851422C1238E900B34914 /* UpgradeItemView.swift in Sources */ = {isa = PBXBuildFile; fileRef = 046851412C1238E900B34914 /* UpgradeItemView.swift */; };
		046851442C12392000B34914 /* UpgradeView.swift in Sources */ = {isa = PBXBuildFile; fileRef = 046851432C12392000B34914 /* UpgradeView.swift */; };
		04C996362C0EEEA9000F479A /* Tamagochi.swift in Sources */ = {isa = PBXBuildFile; fileRef = 04C996352C0EEEA9000F479A /* Tamagochi.swift */; };
		04C996392C0F0FF4000F479A /* ProgressBar.swift in Sources */ = {isa = PBXBuildFile; fileRef = 04C996382C0F0FF4000F479A /* ProgressBar.swift */; };
		04DC6D892C1176E600DAB420 /* WatchTamagochiApp.swift in Sources */ = {isa = PBXBuildFile; fileRef = 04DC6D882C1176E600DAB420 /* WatchTamagochiApp.swift */; };
		04DC6D8B2C1176E600DAB420 /* ContentView.swift in Sources */ = {isa = PBXBuildFile; fileRef = 04DC6D8A2C1176E600DAB420 /* ContentView.swift */; };
		04DC6D8D2C1176E800DAB420 /* Assets.xcassets in Resources */ = {isa = PBXBuildFile; fileRef = 04DC6D8C2C1176E800DAB420 /* Assets.xcassets */; };
		04DC6D902C1176E800DAB420 /* Preview Assets.xcassets in Resources */ = {isa = PBXBuildFile; fileRef = 04DC6D8F2C1176E800DAB420 /* Preview Assets.xcassets */; };
		04DC6D932C1176E800DAB420 /* WatchTamagochi Watch App.app in Embed Watch Content */ = {isa = PBXBuildFile; fileRef = 04DC6D862C1176E600DAB420 /* WatchTamagochi Watch App.app */; settings = {ATTRIBUTES = (RemoveHeadersOnCopy, ); }; };
		14456E412C08417F00F24E96 /* ShopView.swift in Sources */ = {isa = PBXBuildFile; fileRef = 14456E402C08417F00F24E96 /* ShopView.swift */; };
		3FCA8EA62C117101009C1290 /* SoundManager.swift in Sources */ = {isa = PBXBuildFile; fileRef = 3FCA8EA52C117101009C1290 /* SoundManager.swift */; };
		3FCA8EAC2C11722C009C1290 /* Choose.wav in Resources */ = {isa = PBXBuildFile; fileRef = 3FCA8EA82C11722C009C1290 /* Choose.wav */; };
		3FCA8EAD2C11722C009C1290 /* Failed.wav in Resources */ = {isa = PBXBuildFile; fileRef = 3FCA8EA92C11722C009C1290 /* Failed.wav */; };
		3FCA8EAE2C11722C009C1290 /* Tab.wav in Resources */ = {isa = PBXBuildFile; fileRef = 3FCA8EAA2C11722C009C1290 /* Tab.wav */; };
		3FCA8EAF2C11722C009C1290 /* Complete.wav in Resources */ = {isa = PBXBuildFile; fileRef = 3FCA8EAB2C11722C009C1290 /* Complete.wav */; };
		3FD260892C0028B60076637D /* ProfileView.swift in Sources */ = {isa = PBXBuildFile; fileRef = 3FD260882C0028B60076637D /* ProfileView.swift */; };
		3FD2608B2C00310A0076637D /* CircleImage.swift in Sources */ = {isa = PBXBuildFile; fileRef = 3FD2608A2C00310A0076637D /* CircleImage.swift */; };
		3FD2608F2C0032280076637D /* UserProfileView.swift in Sources */ = {isa = PBXBuildFile; fileRef = 3FD2608E2C0032280076637D /* UserProfileView.swift */; };
/* End PBXBuildFile section */

/* Begin PBXContainerItemProxy section */
		04DC6D912C1176E800DAB420 /* PBXContainerItemProxy */ = {
			isa = PBXContainerItemProxy;
			containerPortal = 040E411A2BF5D34400358910 /* Project object */;
			proxyType = 1;
			remoteGlobalIDString = 04DC6D852C1176E600DAB420;
			remoteInfo = "WatchTamagochi Watch App";
		};
/* End PBXContainerItemProxy section */

/* Begin PBXCopyFilesBuildPhase section */
		04DC6D942C1176E900DAB420 /* Embed Watch Content */ = {
			isa = PBXCopyFilesBuildPhase;
			buildActionMask = 2147483647;
			dstPath = "$(CONTENTS_FOLDER_PATH)/Watch";
			dstSubfolderSpec = 16;
			files = (
				04DC6D932C1176E800DAB420 /* WatchTamagochi Watch App.app in Embed Watch Content */,
			);
			name = "Embed Watch Content";
			runOnlyForDeploymentPostprocessing = 0;
		};
/* End PBXCopyFilesBuildPhase section */

/* Begin PBXFileReference section */
		040E41222BF5D34400358910 /* MAD ALP Tim Charlin.app */ = {isa = PBXFileReference; explicitFileType = wrapper.application; includeInIndex = 0; path = "MAD ALP Tim Charlin.app"; sourceTree = BUILT_PRODUCTS_DIR; };
		040E41252BF5D34400358910 /* MAD_ALP_Tim_CharlinApp.swift */ = {isa = PBXFileReference; lastKnownFileType = sourcecode.swift; path = MAD_ALP_Tim_CharlinApp.swift; sourceTree = "<group>"; };
		040E41272BF5D34400358910 /* ContentView.swift */ = {isa = PBXFileReference; lastKnownFileType = sourcecode.swift; path = ContentView.swift; sourceTree = "<group>"; };
		040E41292BF5D34500358910 /* Assets.xcassets */ = {isa = PBXFileReference; lastKnownFileType = folder.assetcatalog; path = Assets.xcassets; sourceTree = "<group>"; };
		040E412C2BF5D34500358910 /* Preview Assets.xcassets */ = {isa = PBXFileReference; lastKnownFileType = folder.assetcatalog; path = "Preview Assets.xcassets"; sourceTree = "<group>"; };
		04112AF42C0F7CE300F7F134 /* CustomizeView.swift */ = {isa = PBXFileReference; lastKnownFileType = sourcecode.swift; path = CustomizeView.swift; sourceTree = "<group>"; };
		04112AF92C0F9F8000F7F134 /* Accessory.swift */ = {isa = PBXFileReference; lastKnownFileType = sourcecode.swift; path = Accessory.swift; sourceTree = "<group>"; };
		04112AFB2C0FA02700F7F134 /* DataManager.swift */ = {isa = PBXFileReference; lastKnownFileType = sourcecode.swift; path = DataManager.swift; sourceTree = "<group>"; };
		04112AFF2C10009300F7F134 /* TamagochiDisplay.swift */ = {isa = PBXFileReference; lastKnownFileType = sourcecode.swift; path = TamagochiDisplay.swift; sourceTree = "<group>"; };
		0429AA482C083FFA005E85F4 /* ProgressView.swift */ = {isa = PBXFileReference; lastKnownFileType = sourcecode.swift; path = ProgressView.swift; sourceTree = "<group>"; };
		046851152C12266500B34914 /* Stat.swift */ = {isa = PBXFileReference; lastKnownFileType = sourcecode.swift; path = Stat.swift; sourceTree = "<group>"; };
		046851182C12269F00B34914 /* ScrollableSelectionView.swift */ = {isa = PBXFileReference; lastKnownFileType = sourcecode.swift; path = ScrollableSelectionView.swift; sourceTree = "<group>"; };
		046851252C122A5900B34914 /* HorizontalPageIndicator.swift */ = {isa = PBXFileReference; lastKnownFileType = sourcecode.swift; path = HorizontalPageIndicator.swift; sourceTree = "<group>"; };
		046851282C122A9100B34914 /* StatView.swift */ = {isa = PBXFileReference; lastKnownFileType = sourcecode.swift; path = StatView.swift; sourceTree = "<group>"; };
		0468512B2C122AC700B34914 /* WatchDisplayTamagochi.swift */ = {isa = PBXFileReference; lastKnownFileType = sourcecode.swift; path = WatchDisplayTamagochi.swift; sourceTree = "<group>"; };
		0468512E2C122B1500B34914 /* ButtonAction.swift */ = {isa = PBXFileReference; lastKnownFileType = sourcecode.swift; path = ButtonAction.swift; sourceTree = "<group>"; };
		046851302C122B3200B34914 /* HomeView.swift */ = {isa = PBXFileReference; lastKnownFileType = sourcecode.swift; path = HomeView.swift; sourceTree = "<group>"; };
		046851322C122B4E00B34914 /* SwitchAccessory.swift */ = {isa = PBXFileReference; lastKnownFileType = sourcecode.swift; path = SwitchAccessory.swift; sourceTree = "<group>"; };
		046851342C122B7500B34914 /* Player.swift */ = {isa = PBXFileReference; lastKnownFileType = sourcecode.swift; path = Player.swift; sourceTree = "<group>"; };
		046851372C1231F100B34914 /* AccessoriesView.swift */ = {isa = PBXFileReference; lastKnownFileType = sourcecode.swift; path = AccessoriesView.swift; sourceTree = "<group>"; };
		0468513B2C12379800B34914 /* ShopHeaderView.swift */ = {isa = PBXFileReference; lastKnownFileType = sourcecode.swift; path = ShopHeaderView.swift; sourceTree = "<group>"; };
		0468513D2C12387600B34914 /* ShopSelectionView.swift */ = {isa = PBXFileReference; lastKnownFileType = sourcecode.swift; path = ShopSelectionView.swift; sourceTree = "<group>"; };
		0468513F2C1238A100B34914 /* ShopItem.swift */ = {isa = PBXFileReference; lastKnownFileType = sourcecode.swift; path = ShopItem.swift; sourceTree = "<group>"; };
		046851412C1238E900B34914 /* UpgradeItemView.swift */ = {isa = PBXFileReference; lastKnownFileType = sourcecode.swift; path = UpgradeItemView.swift; sourceTree = "<group>"; };
		046851432C12392000B34914 /* UpgradeView.swift */ = {isa = PBXFileReference; lastKnownFileType = sourcecode.swift; path = UpgradeView.swift; sourceTree = "<group>"; };
		04C996352C0EEEA9000F479A /* Tamagochi.swift */ = {isa = PBXFileReference; lastKnownFileType = sourcecode.swift; path = Tamagochi.swift; sourceTree = "<group>"; };
		04C996382C0F0FF4000F479A /* ProgressBar.swift */ = {isa = PBXFileReference; lastKnownFileType = sourcecode.swift; path = ProgressBar.swift; sourceTree = "<group>"; };
		04DC6D862C1176E600DAB420 /* WatchTamagochi Watch App.app */ = {isa = PBXFileReference; explicitFileType = wrapper.application; includeInIndex = 0; path = "WatchTamagochi Watch App.app"; sourceTree = BUILT_PRODUCTS_DIR; };
		04DC6D882C1176E600DAB420 /* WatchTamagochiApp.swift */ = {isa = PBXFileReference; lastKnownFileType = sourcecode.swift; path = WatchTamagochiApp.swift; sourceTree = "<group>"; };
		04DC6D8A2C1176E600DAB420 /* ContentView.swift */ = {isa = PBXFileReference; lastKnownFileType = sourcecode.swift; path = ContentView.swift; sourceTree = "<group>"; };
		04DC6D8C2C1176E800DAB420 /* Assets.xcassets */ = {isa = PBXFileReference; lastKnownFileType = folder.assetcatalog; path = Assets.xcassets; sourceTree = "<group>"; };
		04DC6D8F2C1176E800DAB420 /* Preview Assets.xcassets */ = {isa = PBXFileReference; lastKnownFileType = folder.assetcatalog; path = "Preview Assets.xcassets"; sourceTree = "<group>"; };
		14456E402C08417F00F24E96 /* ShopView.swift */ = {isa = PBXFileReference; lastKnownFileType = sourcecode.swift; path = ShopView.swift; sourceTree = "<group>"; };
		3FCA8EA52C117101009C1290 /* SoundManager.swift */ = {isa = PBXFileReference; lastKnownFileType = sourcecode.swift; path = SoundManager.swift; sourceTree = "<group>"; };
		3FCA8EA82C11722C009C1290 /* Choose.wav */ = {isa = PBXFileReference; lastKnownFileType = audio.wav; path = Choose.wav; sourceTree = "<group>"; };
		3FCA8EA92C11722C009C1290 /* Failed.wav */ = {isa = PBXFileReference; lastKnownFileType = audio.wav; path = Failed.wav; sourceTree = "<group>"; };
		3FCA8EAA2C11722C009C1290 /* Tab.wav */ = {isa = PBXFileReference; lastKnownFileType = audio.wav; path = Tab.wav; sourceTree = "<group>"; };
		3FCA8EAB2C11722C009C1290 /* Complete.wav */ = {isa = PBXFileReference; lastKnownFileType = audio.wav; path = Complete.wav; sourceTree = "<group>"; };
		3FD260882C0028B60076637D /* ProfileView.swift */ = {isa = PBXFileReference; lastKnownFileType = sourcecode.swift; path = ProfileView.swift; sourceTree = "<group>"; };
		3FD2608A2C00310A0076637D /* CircleImage.swift */ = {isa = PBXFileReference; lastKnownFileType = sourcecode.swift; path = CircleImage.swift; sourceTree = "<group>"; };
		3FD2608E2C0032280076637D /* UserProfileView.swift */ = {isa = PBXFileReference; lastKnownFileType = sourcecode.swift; path = UserProfileView.swift; sourceTree = "<group>"; };
/* End PBXFileReference section */

/* Begin PBXFrameworksBuildPhase section */
		040E411F2BF5D34400358910 /* Frameworks */ = {
			isa = PBXFrameworksBuildPhase;
			buildActionMask = 2147483647;
			files = (
			);
			runOnlyForDeploymentPostprocessing = 0;
		};
		04DC6D832C1176E600DAB420 /* Frameworks */ = {
			isa = PBXFrameworksBuildPhase;
			buildActionMask = 2147483647;
			files = (
			);
			runOnlyForDeploymentPostprocessing = 0;
		};
/* End PBXFrameworksBuildPhase section */

/* Begin PBXGroup section */
		040E41192BF5D34400358910 = {
			isa = PBXGroup;
			children = (
				040E41242BF5D34400358910 /* MAD ALP Tim Charlin */,
				04DC6D872C1176E600DAB420 /* WatchTamagochi Watch App */,
				040E41232BF5D34400358910 /* Products */,
			);
			sourceTree = "<group>";
		};
		040E41232BF5D34400358910 /* Products */ = {
			isa = PBXGroup;
			children = (
				040E41222BF5D34400358910 /* MAD ALP Tim Charlin.app */,
				04DC6D862C1176E600DAB420 /* WatchTamagochi Watch App.app */,
			);
			name = Products;
			sourceTree = "<group>";
		};
		040E41242BF5D34400358910 /* MAD ALP Tim Charlin */ = {
			isa = PBXGroup;
			children = (
				3FCA8EA72C1171CB009C1290 /* Sounds */,
				040E41252BF5D34400358910 /* MAD_ALP_Tim_CharlinApp.swift */,
				04C996322C0EEE60000F479A /* Views */,
				04C996332C0EEE80000F479A /* Models */,
				04C996342C0EEE85000F479A /* Resources */,
				040E41292BF5D34500358910 /* Assets.xcassets */,
				040E412B2BF5D34500358910 /* Preview Content */,
			);
			path = "MAD ALP Tim Charlin";
			sourceTree = "<group>";
		};
		040E412B2BF5D34500358910 /* Preview Content */ = {
			isa = PBXGroup;
			children = (
				040E412C2BF5D34500358910 /* Preview Assets.xcassets */,
			);
			path = "Preview Content";
			sourceTree = "<group>";
		};
		04112AF32C0F7CC400F7F134 /* Customize */ = {
			isa = PBXGroup;
			children = (
				04112AF42C0F7CE300F7F134 /* CustomizeView.swift */,
				046851182C12269F00B34914 /* ScrollableSelectionView.swift */,
			);
			path = Customize;
			sourceTree = "<group>";
		};
		04112AFE2C10008300F7F134 /* Helpers */ = {
			isa = PBXGroup;
			children = (
				04112AFF2C10009300F7F134 /* TamagochiDisplay.swift */,
				3FCA8EA52C117101009C1290 /* SoundManager.swift */,
			);
			path = Helpers;
			sourceTree = "<group>";
		};
		046851232C122A3900B34914 /* Views */ = {
			isa = PBXGroup;
			children = (
				046851242C122A4400B34914 /* Helpers */,
				046851302C122B3200B34914 /* HomeView.swift */,
				046851322C122B4E00B34914 /* SwitchAccessory.swift */,
			);
			path = Views;
			sourceTree = "<group>";
		};
		046851242C122A4400B34914 /* Helpers */ = {
			isa = PBXGroup;
			children = (
				046851252C122A5900B34914 /* HorizontalPageIndicator.swift */,
				046851282C122A9100B34914 /* StatView.swift */,
				0468512B2C122AC700B34914 /* WatchDisplayTamagochi.swift */,
				0468512E2C122B1500B34914 /* ButtonAction.swift */,
			);
			path = Helpers;
			sourceTree = "<group>";
		};
		04C996322C0EEE60000F479A /* Views */ = {
			isa = PBXGroup;
			children = (
				040E41272BF5D34400358910 /* ContentView.swift */,
				04112AFE2C10008300F7F134 /* Helpers */,
				04112AF32C0F7CC400F7F134 /* Customize */,
				04C996372C0F0FD6000F479A /* Shop */,
				14456E3E2C0840A600F24E96 /* Profile */,
				14456E3F2C0840CC00F24E96 /* Progress */,
			);
			path = Views;
			sourceTree = "<group>";
		};
		04C996332C0EEE80000F479A /* Models */ = {
			isa = PBXGroup;
			children = (
				04112AF92C0F9F8000F7F134 /* Accessory.swift */,
				04C996352C0EEEA9000F479A /* Tamagochi.swift */,
				046851152C12266500B34914 /* Stat.swift */,
				046851342C122B7500B34914 /* Player.swift */,
				0468513F2C1238A100B34914 /* ShopItem.swift */,
			);
			path = Models;
			sourceTree = "<group>";
		};
		04C996342C0EEE85000F479A /* Resources */ = {
			isa = PBXGroup;
			children = (
				04112AFB2C0FA02700F7F134 /* DataManager.swift */,
			);
			path = Resources;
			sourceTree = "<group>";
		};
		04C996372C0F0FD6000F479A /* Shop */ = {
			isa = PBXGroup;
			children = (
				046851372C1231F100B34914 /* AccessoriesView.swift */,
				0468513B2C12379800B34914 /* ShopHeaderView.swift */,
				0468513D2C12387600B34914 /* ShopSelectionView.swift */,
				14456E402C08417F00F24E96 /* ShopView.swift */,
				046851412C1238E900B34914 /* UpgradeItemView.swift */,
				046851432C12392000B34914 /* UpgradeView.swift */,
			);
			path = Shop;
			sourceTree = "<group>";
		};
		04DC6D872C1176E600DAB420 /* WatchTamagochi Watch App */ = {
			isa = PBXGroup;
			children = (
				046851232C122A3900B34914 /* Views */,
				04DC6D882C1176E600DAB420 /* WatchTamagochiApp.swift */,
				04DC6D8A2C1176E600DAB420 /* ContentView.swift */,
				04DC6D8C2C1176E800DAB420 /* Assets.xcassets */,
				04DC6D8E2C1176E800DAB420 /* Preview Content */,
			);
			path = "WatchTamagochi Watch App";
			sourceTree = "<group>";
		};
		04DC6D8E2C1176E800DAB420 /* Preview Content */ = {
			isa = PBXGroup;
			children = (
				04DC6D8F2C1176E800DAB420 /* Preview Assets.xcassets */,
			);
			path = "Preview Content";
			sourceTree = "<group>";
		};
		14456E3E2C0840A600F24E96 /* Profile */ = {
			isa = PBXGroup;
			children = (
				3FD260882C0028B60076637D /* ProfileView.swift */,
				3FD2608A2C00310A0076637D /* CircleImage.swift */,
				3FD2608E2C0032280076637D /* UserProfileView.swift */,
			);
			path = Profile;
			sourceTree = "<group>";
		};
		14456E3F2C0840CC00F24E96 /* Progress */ = {
			isa = PBXGroup;
			children = (
				0429AA482C083FFA005E85F4 /* ProgressView.swift */,
				04C996382C0F0FF4000F479A /* ProgressBar.swift */,
			);
			path = Progress;
			sourceTree = "<group>";
		};
		3FCA8EA72C1171CB009C1290 /* Sounds */ = {
			isa = PBXGroup;
			children = (
				3FCA8EA82C11722C009C1290 /* Choose.wav */,
				3FCA8EAB2C11722C009C1290 /* Complete.wav */,
				3FCA8EA92C11722C009C1290 /* Failed.wav */,
				3FCA8EAA2C11722C009C1290 /* Tab.wav */,
			);
			path = Sounds;
			sourceTree = "<group>";
		};
/* End PBXGroup section */

/* Begin PBXNativeTarget section */
		040E41212BF5D34400358910 /* MAD ALP Tim Charlin */ = {
			isa = PBXNativeTarget;
			buildConfigurationList = 040E41302BF5D34500358910 /* Build configuration list for PBXNativeTarget "MAD ALP Tim Charlin" */;
			buildPhases = (
				040E411E2BF5D34400358910 /* Sources */,
				040E411F2BF5D34400358910 /* Frameworks */,
				040E41202BF5D34400358910 /* Resources */,
				04DC6D942C1176E900DAB420 /* Embed Watch Content */,
			);
			buildRules = (
			);
			dependencies = (
				04DC6D922C1176E800DAB420 /* PBXTargetDependency */,
			);
			name = "MAD ALP Tim Charlin";
			productName = "MAD ALP Tim Charlin";
			productReference = 040E41222BF5D34400358910 /* MAD ALP Tim Charlin.app */;
			productType = "com.apple.product-type.application";
		};
		04DC6D852C1176E600DAB420 /* WatchTamagochi Watch App */ = {
			isa = PBXNativeTarget;
			buildConfigurationList = 04DC6D972C1176E900DAB420 /* Build configuration list for PBXNativeTarget "WatchTamagochi Watch App" */;
			buildPhases = (
				04DC6D822C1176E600DAB420 /* Sources */,
				04DC6D832C1176E600DAB420 /* Frameworks */,
				04DC6D842C1176E600DAB420 /* Resources */,
			);
			buildRules = (
			);
			dependencies = (
			);
			name = "WatchTamagochi Watch App";
			productName = "WatchTamagochi Watch App";
			productReference = 04DC6D862C1176E600DAB420 /* WatchTamagochi Watch App.app */;
			productType = "com.apple.product-type.application";
		};
/* End PBXNativeTarget section */

/* Begin PBXProject section */
		040E411A2BF5D34400358910 /* Project object */ = {
			isa = PBXProject;
			attributes = {
				BuildIndependentTargetsInParallel = 1;
				LastSwiftUpdateCheck = 1530;
				LastUpgradeCheck = 1530;
				TargetAttributes = {
					040E41212BF5D34400358910 = {
						CreatedOnToolsVersion = 15.3;
					};
					04DC6D852C1176E600DAB420 = {
						CreatedOnToolsVersion = 15.3;
					};
				};
			};
			buildConfigurationList = 040E411D2BF5D34400358910 /* Build configuration list for PBXProject "MAD ALP Tim Charlin" */;
			compatibilityVersion = "Xcode 14.0";
			developmentRegion = en;
			hasScannedForEncodings = 0;
			knownRegions = (
				en,
				Base,
			);
			mainGroup = 040E41192BF5D34400358910;
			productRefGroup = 040E41232BF5D34400358910 /* Products */;
			projectDirPath = "";
			projectRoot = "";
			targets = (
				040E41212BF5D34400358910 /* MAD ALP Tim Charlin */,
				04DC6D852C1176E600DAB420 /* WatchTamagochi Watch App */,
			);
		};
/* End PBXProject section */

/* Begin PBXResourcesBuildPhase section */
		040E41202BF5D34400358910 /* Resources */ = {
			isa = PBXResourcesBuildPhase;
			buildActionMask = 2147483647;
			files = (
				040E412D2BF5D34500358910 /* Preview Assets.xcassets in Resources */,
				3FCA8EAF2C11722C009C1290 /* Complete.wav in Resources */,
				3FCA8EAE2C11722C009C1290 /* Tab.wav in Resources */,
				3FCA8EAC2C11722C009C1290 /* Choose.wav in Resources */,
				040E412A2BF5D34500358910 /* Assets.xcassets in Resources */,
				3FCA8EAD2C11722C009C1290 /* Failed.wav in Resources */,
			);
			runOnlyForDeploymentPostprocessing = 0;
		};
		04DC6D842C1176E600DAB420 /* Resources */ = {
			isa = PBXResourcesBuildPhase;
			buildActionMask = 2147483647;
			files = (
				04DC6D902C1176E800DAB420 /* Preview Assets.xcassets in Resources */,
				04DC6D8D2C1176E800DAB420 /* Assets.xcassets in Resources */,
			);
			runOnlyForDeploymentPostprocessing = 0;
		};
/* End PBXResourcesBuildPhase section */

/* Begin PBXSourcesBuildPhase section */
		040E411E2BF5D34400358910 /* Sources */ = {
			isa = PBXSourcesBuildPhase;
			buildActionMask = 2147483647;
			files = (
				3FD2608F2C0032280076637D /* UserProfileView.swift in Sources */,
				046851442C12392000B34914 /* UpgradeView.swift in Sources */,
				04112AFC2C0FA02700F7F134 /* DataManager.swift in Sources */,
				046851402C1238A100B34914 /* ShopItem.swift in Sources */,
				14456E412C08417F00F24E96 /* ShopView.swift in Sources */,
				046851382C1231F100B34914 /* AccessoriesView.swift in Sources */,
				046851162C12266500B34914 /* Stat.swift in Sources */,
				0468513C2C12379800B34914 /* ShopHeaderView.swift in Sources */,
				04112AF52C0F7CE300F7F134 /* CustomizeView.swift in Sources */,
				040E41282BF5D34400358910 /* ContentView.swift in Sources */,
				3FCA8EA62C117101009C1290 /* SoundManager.swift in Sources */,
				3FD2608B2C00310A0076637D /* CircleImage.swift in Sources */,
				04C996392C0F0FF4000F479A /* ProgressBar.swift in Sources */,
				3FD260892C0028B60076637D /* ProfileView.swift in Sources */,
				04112AFA2C0F9F8000F7F134 /* Accessory.swift in Sources */,
				046851422C1238E900B34914 /* UpgradeItemView.swift in Sources */,
				0468513E2C12387600B34914 /* ShopSelectionView.swift in Sources */,
				04112B002C10009300F7F134 /* TamagochiDisplay.swift in Sources */,
				046851192C12269F00B34914 /* ScrollableSelectionView.swift in Sources */,
				040E41262BF5D34400358910 /* MAD_ALP_Tim_CharlinApp.swift in Sources */,
				0429AA492C083FFA005E85F4 /* ProgressView.swift in Sources */,
				046851352C122B7500B34914 /* Player.swift in Sources */,
				04C996362C0EEEA9000F479A /* Tamagochi.swift in Sources */,
			);
			runOnlyForDeploymentPostprocessing = 0;
		};
		04DC6D822C1176E600DAB420 /* Sources */ = {
			isa = PBXSourcesBuildPhase;
			buildActionMask = 2147483647;
			files = (
				0468511E2C122A2A00B34914 /* ScrollableSelectionView.swift in Sources */,
				0468511F2C122A2A00B34914 /* Accessory.swift in Sources */,
				0468512F2C122B1500B34914 /* ButtonAction.swift in Sources */,
				046851202C122A2A00B34914 /* ProgressBar.swift in Sources */,
				046851362C122B7500B34914 /* Player.swift in Sources */,
				0468512A2C122A9100B34914 /* StatView.swift in Sources */,
				046851212C122A2A00B34914 /* Tamagochi.swift in Sources */,
				046851272C122A5900B34914 /* HorizontalPageIndicator.swift in Sources */,
				046851222C122A2A00B34914 /* Stat.swift in Sources */,
				046851332C122B4E00B34914 /* SwitchAccessory.swift in Sources */,
				04DC6D8B2C1176E600DAB420 /* ContentView.swift in Sources */,
				046851312C122B3200B34914 /* HomeView.swift in Sources */,
				0468512D2C122AC700B34914 /* WatchDisplayTamagochi.swift in Sources */,
				04DC6D892C1176E600DAB420 /* WatchTamagochiApp.swift in Sources */,
			);
			runOnlyForDeploymentPostprocessing = 0;
		};
/* End PBXSourcesBuildPhase section */

/* Begin PBXTargetDependency section */
		04DC6D922C1176E800DAB420 /* PBXTargetDependency */ = {
			isa = PBXTargetDependency;
			target = 04DC6D852C1176E600DAB420 /* WatchTamagochi Watch App */;
			targetProxy = 04DC6D912C1176E800DAB420 /* PBXContainerItemProxy */;
		};
/* End PBXTargetDependency section */

/* Begin XCBuildConfiguration section */
		040E412E2BF5D34500358910 /* Debug */ = {
			isa = XCBuildConfiguration;
			buildSettings = {
				ALWAYS_SEARCH_USER_PATHS = NO;
				ASSETCATALOG_COMPILER_GENERATE_SWIFT_ASSET_SYMBOL_EXTENSIONS = YES;
				CLANG_ANALYZER_NONNULL = YES;
				CLANG_ANALYZER_NUMBER_OBJECT_CONVERSION = YES_AGGRESSIVE;
				CLANG_CXX_LANGUAGE_STANDARD = "gnu++20";
				CLANG_ENABLE_MODULES = YES;
				CLANG_ENABLE_OBJC_ARC = YES;
				CLANG_ENABLE_OBJC_WEAK = YES;
				CLANG_WARN_BLOCK_CAPTURE_AUTORELEASING = YES;
				CLANG_WARN_BOOL_CONVERSION = YES;
				CLANG_WARN_COMMA = YES;
				CLANG_WARN_CONSTANT_CONVERSION = YES;
				CLANG_WARN_DEPRECATED_OBJC_IMPLEMENTATIONS = YES;
				CLANG_WARN_DIRECT_OBJC_ISA_USAGE = YES_ERROR;
				CLANG_WARN_DOCUMENTATION_COMMENTS = YES;
				CLANG_WARN_EMPTY_BODY = YES;
				CLANG_WARN_ENUM_CONVERSION = YES;
				CLANG_WARN_INFINITE_RECURSION = YES;
				CLANG_WARN_INT_CONVERSION = YES;
				CLANG_WARN_NON_LITERAL_NULL_CONVERSION = YES;
				CLANG_WARN_OBJC_IMPLICIT_RETAIN_SELF = YES;
				CLANG_WARN_OBJC_LITERAL_CONVERSION = YES;
				CLANG_WARN_OBJC_ROOT_CLASS = YES_ERROR;
				CLANG_WARN_QUOTED_INCLUDE_IN_FRAMEWORK_HEADER = YES;
				CLANG_WARN_RANGE_LOOP_ANALYSIS = YES;
				CLANG_WARN_STRICT_PROTOTYPES = YES;
				CLANG_WARN_SUSPICIOUS_MOVE = YES;
				CLANG_WARN_UNGUARDED_AVAILABILITY = YES_AGGRESSIVE;
				CLANG_WARN_UNREACHABLE_CODE = YES;
				CLANG_WARN__DUPLICATE_METHOD_MATCH = YES;
				COPY_PHASE_STRIP = NO;
				DEBUG_INFORMATION_FORMAT = dwarf;
				ENABLE_STRICT_OBJC_MSGSEND = YES;
				ENABLE_TESTABILITY = YES;
				ENABLE_USER_SCRIPT_SANDBOXING = YES;
				GCC_C_LANGUAGE_STANDARD = gnu17;
				GCC_DYNAMIC_NO_PIC = NO;
				GCC_NO_COMMON_BLOCKS = YES;
				GCC_OPTIMIZATION_LEVEL = 0;
				GCC_PREPROCESSOR_DEFINITIONS = (
					"DEBUG=1",
					"$(inherited)",
				);
				GCC_WARN_64_TO_32_BIT_CONVERSION = YES;
				GCC_WARN_ABOUT_RETURN_TYPE = YES_ERROR;
				GCC_WARN_UNDECLARED_SELECTOR = YES;
				GCC_WARN_UNINITIALIZED_AUTOS = YES_AGGRESSIVE;
				GCC_WARN_UNUSED_FUNCTION = YES;
				GCC_WARN_UNUSED_VARIABLE = YES;
				IPHONEOS_DEPLOYMENT_TARGET = 17.4;
				LOCALIZATION_PREFERS_STRING_CATALOGS = YES;
				MTL_ENABLE_DEBUG_INFO = INCLUDE_SOURCE;
				MTL_FAST_MATH = YES;
				ONLY_ACTIVE_ARCH = YES;
				SDKROOT = iphoneos;
				SWIFT_ACTIVE_COMPILATION_CONDITIONS = "DEBUG $(inherited)";
				SWIFT_OPTIMIZATION_LEVEL = "-Onone";
			};
			name = Debug;
		};
		040E412F2BF5D34500358910 /* Release */ = {
			isa = XCBuildConfiguration;
			buildSettings = {
				ALWAYS_SEARCH_USER_PATHS = NO;
				ASSETCATALOG_COMPILER_GENERATE_SWIFT_ASSET_SYMBOL_EXTENSIONS = YES;
				CLANG_ANALYZER_NONNULL = YES;
				CLANG_ANALYZER_NUMBER_OBJECT_CONVERSION = YES_AGGRESSIVE;
				CLANG_CXX_LANGUAGE_STANDARD = "gnu++20";
				CLANG_ENABLE_MODULES = YES;
				CLANG_ENABLE_OBJC_ARC = YES;
				CLANG_ENABLE_OBJC_WEAK = YES;
				CLANG_WARN_BLOCK_CAPTURE_AUTORELEASING = YES;
				CLANG_WARN_BOOL_CONVERSION = YES;
				CLANG_WARN_COMMA = YES;
				CLANG_WARN_CONSTANT_CONVERSION = YES;
				CLANG_WARN_DEPRECATED_OBJC_IMPLEMENTATIONS = YES;
				CLANG_WARN_DIRECT_OBJC_ISA_USAGE = YES_ERROR;
				CLANG_WARN_DOCUMENTATION_COMMENTS = YES;
				CLANG_WARN_EMPTY_BODY = YES;
				CLANG_WARN_ENUM_CONVERSION = YES;
				CLANG_WARN_INFINITE_RECURSION = YES;
				CLANG_WARN_INT_CONVERSION = YES;
				CLANG_WARN_NON_LITERAL_NULL_CONVERSION = YES;
				CLANG_WARN_OBJC_IMPLICIT_RETAIN_SELF = YES;
				CLANG_WARN_OBJC_LITERAL_CONVERSION = YES;
				CLANG_WARN_OBJC_ROOT_CLASS = YES_ERROR;
				CLANG_WARN_QUOTED_INCLUDE_IN_FRAMEWORK_HEADER = YES;
				CLANG_WARN_RANGE_LOOP_ANALYSIS = YES;
				CLANG_WARN_STRICT_PROTOTYPES = YES;
				CLANG_WARN_SUSPICIOUS_MOVE = YES;
				CLANG_WARN_UNGUARDED_AVAILABILITY = YES_AGGRESSIVE;
				CLANG_WARN_UNREACHABLE_CODE = YES;
				CLANG_WARN__DUPLICATE_METHOD_MATCH = YES;
				COPY_PHASE_STRIP = NO;
				DEBUG_INFORMATION_FORMAT = "dwarf-with-dsym";
				ENABLE_NS_ASSERTIONS = NO;
				ENABLE_STRICT_OBJC_MSGSEND = YES;
				ENABLE_USER_SCRIPT_SANDBOXING = YES;
				GCC_C_LANGUAGE_STANDARD = gnu17;
				GCC_NO_COMMON_BLOCKS = YES;
				GCC_WARN_64_TO_32_BIT_CONVERSION = YES;
				GCC_WARN_ABOUT_RETURN_TYPE = YES_ERROR;
				GCC_WARN_UNDECLARED_SELECTOR = YES;
				GCC_WARN_UNINITIALIZED_AUTOS = YES_AGGRESSIVE;
				GCC_WARN_UNUSED_FUNCTION = YES;
				GCC_WARN_UNUSED_VARIABLE = YES;
				IPHONEOS_DEPLOYMENT_TARGET = 17.4;
				LOCALIZATION_PREFERS_STRING_CATALOGS = YES;
				MTL_ENABLE_DEBUG_INFO = NO;
				MTL_FAST_MATH = YES;
				SDKROOT = iphoneos;
				SWIFT_COMPILATION_MODE = wholemodule;
				VALIDATE_PRODUCT = YES;
			};
			name = Release;
		};
		040E41312BF5D34500358910 /* Debug */ = {
			isa = XCBuildConfiguration;
			buildSettings = {
				ALWAYS_EMBED_SWIFT_STANDARD_LIBRARIES = YES;
				ASSETCATALOG_COMPILER_APPICON_NAME = AppIcon;
				ASSETCATALOG_COMPILER_GLOBAL_ACCENT_COLOR_NAME = AccentColor;
				CODE_SIGN_STYLE = Automatic;
				CURRENT_PROJECT_VERSION = 1;
				DEVELOPMENT_ASSET_PATHS = "\"MAD ALP Tim Charlin/Preview Content\"";
				ENABLE_PREVIEWS = YES;
				GENERATE_INFOPLIST_FILE = YES;
				INFOPLIST_KEY_UIApplicationSceneManifest_Generation = YES;
				INFOPLIST_KEY_UIApplicationSupportsIndirectInputEvents = YES;
				INFOPLIST_KEY_UILaunchScreen_Generation = YES;
				INFOPLIST_KEY_UISupportedInterfaceOrientations_iPad = "UIInterfaceOrientationPortrait UIInterfaceOrientationPortraitUpsideDown UIInterfaceOrientationLandscapeLeft UIInterfaceOrientationLandscapeRight";
				INFOPLIST_KEY_UISupportedInterfaceOrientations_iPhone = "UIInterfaceOrientationPortrait UIInterfaceOrientationLandscapeLeft UIInterfaceOrientationLandscapeRight";
				IPHONEOS_DEPLOYMENT_TARGET = 17.2;
				LD_RUNPATH_SEARCH_PATHS = (
					"$(inherited)",
					"@executable_path/Frameworks",
				);
				MARKETING_VERSION = 1.0;
				PRODUCT_BUNDLE_IDENTIFIER = "Gavin.MAD-ALP-Tim-Charlin";
				PRODUCT_NAME = "$(TARGET_NAME)";
				SWIFT_EMIT_LOC_STRINGS = YES;
				SWIFT_VERSION = 5.0;
				TARGETED_DEVICE_FAMILY = "1,2";
			};
			name = Debug;
		};
		040E41322BF5D34500358910 /* Release */ = {
			isa = XCBuildConfiguration;
			buildSettings = {
				ALWAYS_EMBED_SWIFT_STANDARD_LIBRARIES = YES;
				ASSETCATALOG_COMPILER_APPICON_NAME = AppIcon;
				ASSETCATALOG_COMPILER_GLOBAL_ACCENT_COLOR_NAME = AccentColor;
				CODE_SIGN_STYLE = Automatic;
				CURRENT_PROJECT_VERSION = 1;
				DEVELOPMENT_ASSET_PATHS = "\"MAD ALP Tim Charlin/Preview Content\"";
				ENABLE_PREVIEWS = YES;
				GENERATE_INFOPLIST_FILE = YES;
				INFOPLIST_KEY_UIApplicationSceneManifest_Generation = YES;
				INFOPLIST_KEY_UIApplicationSupportsIndirectInputEvents = YES;
				INFOPLIST_KEY_UILaunchScreen_Generation = YES;
				INFOPLIST_KEY_UISupportedInterfaceOrientations_iPad = "UIInterfaceOrientationPortrait UIInterfaceOrientationPortraitUpsideDown UIInterfaceOrientationLandscapeLeft UIInterfaceOrientationLandscapeRight";
				INFOPLIST_KEY_UISupportedInterfaceOrientations_iPhone = "UIInterfaceOrientationPortrait UIInterfaceOrientationLandscapeLeft UIInterfaceOrientationLandscapeRight";
				IPHONEOS_DEPLOYMENT_TARGET = 17.2;
				LD_RUNPATH_SEARCH_PATHS = (
					"$(inherited)",
					"@executable_path/Frameworks",
				);
				MARKETING_VERSION = 1.0;
				PRODUCT_BUNDLE_IDENTIFIER = "Gavin.MAD-ALP-Tim-Charlin";
				PRODUCT_NAME = "$(TARGET_NAME)";
				SWIFT_EMIT_LOC_STRINGS = YES;
				SWIFT_VERSION = 5.0;
				TARGETED_DEVICE_FAMILY = "1,2";
			};
			name = Release;
		};
		04DC6D952C1176E900DAB420 /* Debug */ = {
			isa = XCBuildConfiguration;
			buildSettings = {
				ASSETCATALOG_COMPILER_APPICON_NAME = AppIcon;
				ASSETCATALOG_COMPILER_GLOBAL_ACCENT_COLOR_NAME = AccentColor;
				CODE_SIGN_STYLE = Automatic;
				CURRENT_PROJECT_VERSION = 1;
				DEVELOPMENT_ASSET_PATHS = "\"WatchTamagochi Watch App/Preview Content\"";
				ENABLE_PREVIEWS = YES;
				GENERATE_INFOPLIST_FILE = YES;
				INFOPLIST_KEY_CFBundleDisplayName = WatchTamagochi;
				INFOPLIST_KEY_UISupportedInterfaceOrientations = "UIInterfaceOrientationPortrait UIInterfaceOrientationPortraitUpsideDown";
				INFOPLIST_KEY_WKCompanionAppBundleIdentifier = "Gavin.MAD-ALP-Tim-Charlin";
				INFOPLIST_KEY_WKRunsIndependentlyOfCompanionApp = YES;
				LD_RUNPATH_SEARCH_PATHS = (
					"$(inherited)",
					"@executable_path/Frameworks",
				);
				MARKETING_VERSION = 1.0;
				PRODUCT_BUNDLE_IDENTIFIER = "Gavin.MAD-ALP-Tim-Charlin.watchkitapp";
				PRODUCT_NAME = "$(TARGET_NAME)";
				SDKROOT = watchos;
				SKIP_INSTALL = YES;
				SWIFT_EMIT_LOC_STRINGS = YES;
				SWIFT_VERSION = 5.0;
				TARGETED_DEVICE_FAMILY = 4;
				WATCHOS_DEPLOYMENT_TARGET = 10.4;
			};
			name = Debug;
		};
		04DC6D962C1176E900DAB420 /* Release */ = {
			isa = XCBuildConfiguration;
			buildSettings = {
				ASSETCATALOG_COMPILER_APPICON_NAME = AppIcon;
				ASSETCATALOG_COMPILER_GLOBAL_ACCENT_COLOR_NAME = AccentColor;
				CODE_SIGN_STYLE = Automatic;
				CURRENT_PROJECT_VERSION = 1;
				DEVELOPMENT_ASSET_PATHS = "\"WatchTamagochi Watch App/Preview Content\"";
				ENABLE_PREVIEWS = YES;
				GENERATE_INFOPLIST_FILE = YES;
				INFOPLIST_KEY_CFBundleDisplayName = WatchTamagochi;
				INFOPLIST_KEY_UISupportedInterfaceOrientations = "UIInterfaceOrientationPortrait UIInterfaceOrientationPortraitUpsideDown";
				INFOPLIST_KEY_WKCompanionAppBundleIdentifier = "Gavin.MAD-ALP-Tim-Charlin";
				INFOPLIST_KEY_WKRunsIndependentlyOfCompanionApp = YES;
				LD_RUNPATH_SEARCH_PATHS = (
					"$(inherited)",
					"@executable_path/Frameworks",
				);
				MARKETING_VERSION = 1.0;
				PRODUCT_BUNDLE_IDENTIFIER = "Gavin.MAD-ALP-Tim-Charlin.watchkitapp";
				PRODUCT_NAME = "$(TARGET_NAME)";
				SDKROOT = watchos;
				SKIP_INSTALL = YES;
				SWIFT_EMIT_LOC_STRINGS = YES;
				SWIFT_VERSION = 5.0;
				TARGETED_DEVICE_FAMILY = 4;
				WATCHOS_DEPLOYMENT_TARGET = 10.4;
			};
			name = Release;
		};
/* End XCBuildConfiguration section */

/* Begin XCConfigurationList section */
		040E411D2BF5D34400358910 /* Build configuration list for PBXProject "MAD ALP Tim Charlin" */ = {
			isa = XCConfigurationList;
			buildConfigurations = (
				040E412E2BF5D34500358910 /* Debug */,
				040E412F2BF5D34500358910 /* Release */,
			);
			defaultConfigurationIsVisible = 0;
			defaultConfigurationName = Release;
		};
		040E41302BF5D34500358910 /* Build configuration list for PBXNativeTarget "MAD ALP Tim Charlin" */ = {
			isa = XCConfigurationList;
			buildConfigurations = (
				040E41312BF5D34500358910 /* Debug */,
				040E41322BF5D34500358910 /* Release */,
			);
			defaultConfigurationIsVisible = 0;
			defaultConfigurationName = Release;
		};
		04DC6D972C1176E900DAB420 /* Build configuration list for PBXNativeTarget "WatchTamagochi Watch App" */ = {
			isa = XCConfigurationList;
			buildConfigurations = (
				04DC6D952C1176E900DAB420 /* Debug */,
				04DC6D962C1176E900DAB420 /* Release */,
			);
			defaultConfigurationIsVisible = 0;
			defaultConfigurationName = Release;
		};
/* End XCConfigurationList section */
	};
	rootObject = 040E411A2BF5D34400358910 /* Project object */;
}
