// !$*UTF8*$!
{
	archiveVersion = 1;
	classes = {
	};
	objectVersion = 56;
	objects = {

/* Begin PBXBuildFile section */
		040E41262BF5D34400358910 /* MAD_ALP_Tim_CharlinApp.swift in Sources */ = {isa = PBXBuildFile; fileRef = 040E41252BF5D34400358910 /* MAD_ALP_Tim_CharlinApp.swift */; };
		040E41282BF5D34400358910 /* ContentView.swift in Sources */ = {isa = PBXBuildFile; fileRef = 040E41272BF5D34400358910 /* ContentView.swift */; };
		040E412A2BF5D34500358910 /* Assets.xcassets in Resources */ = {isa = PBXBuildFile; fileRef = 040E41292BF5D34500358910 /* Assets.xcassets */; };
		040E412D2BF5D34500358910 /* Preview Assets.xcassets in Resources */ = {isa = PBXBuildFile; fileRef = 040E412C2BF5D34500358910 /* Preview Assets.xcassets */; };
		04112AF52C0F7CE300F7F134 /* CustomizeView.swift in Sources */ = {isa = PBXBuildFile; fileRef = 04112AF42C0F7CE300F7F134 /* CustomizeView.swift */; };
		04112AFA2C0F9F8000F7F134 /* Accessory.swift in Sources */ = {isa = PBXBuildFile; fileRef = 04112AF92C0F9F8000F7F134 /* Accessory.swift */; };
		04112AFC2C0FA02700F7F134 /* DataManager.swift in Sources */ = {isa = PBXBuildFile; fileRef = 04112AFB2C0FA02700F7F134 /* DataManager.swift */; };
		04112B002C10009300F7F134 /* TamagochiDisplay.swift in Sources */ = {isa = PBXBuildFile; fileRef = 04112AFF2C10009300F7F134 /* TamagochiDisplay.swift */; };
		0429AA492C083FFA005E85F4 /* ProgressView.swift in Sources */ = {isa = PBXBuildFile; fileRef = 0429AA482C083FFA005E85F4 /* ProgressView.swift */; };
		0482EF7E2C1078170079B120 /* Player.swift in Sources */ = {isa = PBXBuildFile; fileRef = 0482EF7D2C1078170079B120 /* Player.swift */; };
		048DB3122C10B2C8006EA271 /* ScrollableSelectionView.swift in Sources */ = {isa = PBXBuildFile; fileRef = 048DB3112C10B2C8006EA271 /* ScrollableSelectionView.swift */; };
		04C996362C0EEEA9000F479A /* Tamagochi.swift in Sources */ = {isa = PBXBuildFile; fileRef = 04C996352C0EEEA9000F479A /* Tamagochi.swift */; };
		04C996392C0F0FF4000F479A /* ProgressBar.swift in Sources */ = {isa = PBXBuildFile; fileRef = 04C996382C0F0FF4000F479A /* ProgressBar.swift */; };
		14456E412C08417F00F24E96 /* ShopView.swift in Sources */ = {isa = PBXBuildFile; fileRef = 14456E402C08417F00F24E96 /* ShopView.swift */; };
		3FD260892C0028B60076637D /* ProfileView.swift in Sources */ = {isa = PBXBuildFile; fileRef = 3FD260882C0028B60076637D /* ProfileView.swift */; };
		3FD2608B2C00310A0076637D /* CircleImage.swift in Sources */ = {isa = PBXBuildFile; fileRef = 3FD2608A2C00310A0076637D /* CircleImage.swift */; };
		3FD2608F2C0032280076637D /* UserProfileView.swift in Sources */ = {isa = PBXBuildFile; fileRef = 3FD2608E2C0032280076637D /* UserProfileView.swift */; };
/* End PBXBuildFile section */

/* Begin PBXFileReference section */
		040E41222BF5D34400358910 /* MAD ALP Tim Charlin.app */ = {isa = PBXFileReference; explicitFileType = wrapper.application; includeInIndex = 0; path = "MAD ALP Tim Charlin.app"; sourceTree = BUILT_PRODUCTS_DIR; };
		040E41252BF5D34400358910 /* MAD_ALP_Tim_CharlinApp.swift */ = {isa = PBXFileReference; lastKnownFileType = sourcecode.swift; path = MAD_ALP_Tim_CharlinApp.swift; sourceTree = "<group>"; };
		040E41272BF5D34400358910 /* ContentView.swift */ = {isa = PBXFileReference; lastKnownFileType = sourcecode.swift; path = ContentView.swift; sourceTree = "<group>"; };
		040E41292BF5D34500358910 /* Assets.xcassets */ = {isa = PBXFileReference; lastKnownFileType = folder.assetcatalog; path = Assets.xcassets; sourceTree = "<group>"; };
		040E412C2BF5D34500358910 /* Preview Assets.xcassets */ = {isa = PBXFileReference; lastKnownFileType = folder.assetcatalog; path = "Preview Assets.xcassets"; sourceTree = "<group>"; };
		04112AF42C0F7CE300F7F134 /* CustomizeView.swift */ = {isa = PBXFileReference; lastKnownFileType = sourcecode.swift; path = CustomizeView.swift; sourceTree = "<group>"; };
		04112AF92C0F9F8000F7F134 /* Accessory.swift */ = {isa = PBXFileReference; lastKnownFileType = sourcecode.swift; path = Accessory.swift; sourceTree = "<group>"; };
		04112AFB2C0FA02700F7F134 /* DataManager.swift */ = {isa = PBXFileReference; lastKnownFileType = sourcecode.swift; path = DataManager.swift; sourceTree = "<group>"; };
		04112AFF2C10009300F7F134 /* TamagochiDisplay.swift */ = {isa = PBXFileReference; lastKnownFileType = sourcecode.swift; path = TamagochiDisplay.swift; sourceTree = "<group>"; };
		0429AA482C083FFA005E85F4 /* ProgressView.swift */ = {isa = PBXFileReference; lastKnownFileType = sourcecode.swift; path = ProgressView.swift; sourceTree = "<group>"; };
		0482EF7D2C1078170079B120 /* Player.swift */ = {isa = PBXFileReference; lastKnownFileType = sourcecode.swift; path = Player.swift; sourceTree = "<group>"; };
		048DB3112C10B2C8006EA271 /* ScrollableSelectionView.swift */ = {isa = PBXFileReference; lastKnownFileType = sourcecode.swift; path = ScrollableSelectionView.swift; sourceTree = "<group>"; };
		04C996352C0EEEA9000F479A /* Tamagochi.swift */ = {isa = PBXFileReference; lastKnownFileType = sourcecode.swift; path = Tamagochi.swift; sourceTree = "<group>"; };
		04C996382C0F0FF4000F479A /* ProgressBar.swift */ = {isa = PBXFileReference; lastKnownFileType = sourcecode.swift; path = ProgressBar.swift; sourceTree = "<group>"; };
		14456E402C08417F00F24E96 /* ShopView.swift */ = {isa = PBXFileReference; lastKnownFileType = sourcecode.swift; path = ShopView.swift; sourceTree = "<group>"; };
		3FD260882C0028B60076637D /* ProfileView.swift */ = {isa = PBXFileReference; lastKnownFileType = sourcecode.swift; path = ProfileView.swift; sourceTree = "<group>"; };
		3FD2608A2C00310A0076637D /* CircleImage.swift */ = {isa = PBXFileReference; lastKnownFileType = sourcecode.swift; path = CircleImage.swift; sourceTree = "<group>"; };
		3FD2608E2C0032280076637D /* UserProfileView.swift */ = {isa = PBXFileReference; lastKnownFileType = sourcecode.swift; path = UserProfileView.swift; sourceTree = "<group>"; };
/* End PBXFileReference section */

/* Begin PBXFrameworksBuildPhase section */
		040E411F2BF5D34400358910 /* Frameworks */ = {
			isa = PBXFrameworksBuildPhase;
			buildActionMask = 2147483647;
			files = (
			);
			runOnlyForDeploymentPostprocessing = 0;
		};
/* End PBXFrameworksBuildPhase section */

/* Begin PBXGroup section */
		040E41192BF5D34400358910 = {
			isa = PBXGroup;
			children = (
				040E41242BF5D34400358910 /* MAD ALP Tim Charlin */,
				040E41232BF5D34400358910 /* Products */,
			);
			sourceTree = "<group>";
		};
		040E41232BF5D34400358910 /* Products */ = {
			isa = PBXGroup;
			children = (
				040E41222BF5D34400358910 /* MAD ALP Tim Charlin.app */,
			);
			name = Products;
			sourceTree = "<group>";
		};
		040E41242BF5D34400358910 /* MAD ALP Tim Charlin */ = {
			isa = PBXGroup;
			children = (
				040E41252BF5D34400358910 /* MAD_ALP_Tim_CharlinApp.swift */,
				04C996322C0EEE60000F479A /* Views */,
				04C996332C0EEE80000F479A /* Models */,
				04C996342C0EEE85000F479A /* Resources */,
				040E41292BF5D34500358910 /* Assets.xcassets */,
				040E412B2BF5D34500358910 /* Preview Content */,
			);
			path = "MAD ALP Tim Charlin";
			sourceTree = "<group>";
		};
		040E412B2BF5D34500358910 /* Preview Content */ = {
			isa = PBXGroup;
			children = (
				040E412C2BF5D34500358910 /* Preview Assets.xcassets */,
			);
			path = "Preview Content";
			sourceTree = "<group>";
		};
		04112AF32C0F7CC400F7F134 /* Customize */ = {
			isa = PBXGroup;
			children = (
				04112AF42C0F7CE300F7F134 /* CustomizeView.swift */,
				048DB3112C10B2C8006EA271 /* ScrollableSelectionView.swift */,
			);
			path = Customize;
			sourceTree = "<group>";
		};
		04112AFE2C10008300F7F134 /* Helpers */ = {
			isa = PBXGroup;
			children = (
				04112AFF2C10009300F7F134 /* TamagochiDisplay.swift */,
			);
			path = Helpers;
			sourceTree = "<group>";
		};
		04C996322C0EEE60000F479A /* Views */ = {
			isa = PBXGroup;
			children = (
				040E41272BF5D34400358910 /* ContentView.swift */,
				04112AFE2C10008300F7F134 /* Helpers */,
				04112AF32C0F7CC400F7F134 /* Customize */,
				04C996372C0F0FD6000F479A /* Shop */,
				14456E3E2C0840A600F24E96 /* Profile */,
				14456E3F2C0840CC00F24E96 /* Progress */,
			);
			path = Views;
			sourceTree = "<group>";
		};
		04C996332C0EEE80000F479A /* Models */ = {
			isa = PBXGroup;
			children = (
				04C996352C0EEEA9000F479A /* Tamagochi.swift */,
				04112AF92C0F9F8000F7F134 /* Accessory.swift */,
				0482EF7D2C1078170079B120 /* Player.swift */,
			);
			path = Models;
			sourceTree = "<group>";
		};
		04C996342C0EEE85000F479A /* Resources */ = {
			isa = PBXGroup;
			children = (
				04112AFB2C0FA02700F7F134 /* DataManager.swift */,
			);
			path = Resources;
			sourceTree = "<group>";
		};
		04C996372C0F0FD6000F479A /* Shop */ = {
			isa = PBXGroup;
			children = (
				14456E402C08417F00F24E96 /* ShopView.swift */,
			);
			path = Shop;
			sourceTree = "<group>";
		};
		14456E3E2C0840A600F24E96 /* Profile */ = {
			isa = PBXGroup;
			children = (
				3FD260882C0028B60076637D /* ProfileView.swift */,
				3FD2608A2C00310A0076637D /* CircleImage.swift */,
				3FD2608E2C0032280076637D /* UserProfileView.swift */,
			);
			path = Profile;
			sourceTree = "<group>";
		};
		14456E3F2C0840CC00F24E96 /* Progress */ = {
			isa = PBXGroup;
			children = (
				0429AA482C083FFA005E85F4 /* ProgressView.swift */,
				04C996382C0F0FF4000F479A /* ProgressBar.swift */,
			);
			path = Progress;
			sourceTree = "<group>";
		};
/* End PBXGroup section */

/* Begin PBXNativeTarget section */
		040E41212BF5D34400358910 /* MAD ALP Tim Charlin */ = {
			isa = PBXNativeTarget;
			buildConfigurationList = 040E41302BF5D34500358910 /* Build configuration list for PBXNativeTarget "MAD ALP Tim Charlin" */;
			buildPhases = (
				040E411E2BF5D34400358910 /* Sources */,
				040E411F2BF5D34400358910 /* Frameworks */,
				040E41202BF5D34400358910 /* Resources */,
			);
			buildRules = (
			);
			dependencies = (
			);
			name = "MAD ALP Tim Charlin";
			productName = "MAD ALP Tim Charlin";
			productReference = 040E41222BF5D34400358910 /* MAD ALP Tim Charlin.app */;
			productType = "com.apple.product-type.application";
		};
/* End PBXNativeTarget section */

/* Begin PBXProject section */
		040E411A2BF5D34400358910 /* Project object */ = {
			isa = PBXProject;
			attributes = {
				BuildIndependentTargetsInParallel = 1;
				LastSwiftUpdateCheck = 1530;
				LastUpgradeCheck = 1530;
				TargetAttributes = {
					040E41212BF5D34400358910 = {
						CreatedOnToolsVersion = 15.3;
					};
				};
			};
			buildConfigurationList = 040E411D2BF5D34400358910 /* Build configuration list for PBXProject "MAD ALP Tim Charlin" */;
			compatibilityVersion = "Xcode 14.0";
			developmentRegion = en;
			hasScannedForEncodings = 0;
			knownRegions = (
				en,
				Base,
			);
			mainGroup = 040E41192BF5D34400358910;
			productRefGroup = 040E41232BF5D34400358910 /* Products */;
			projectDirPath = "";
			projectRoot = "";
			targets = (
				040E41212BF5D34400358910 /* MAD ALP Tim Charlin */,
			);
		};
/* End PBXProject section */

/* Begin PBXResourcesBuildPhase section */
		040E41202BF5D34400358910 /* Resources */ = {
			isa = PBXResourcesBuildPhase;
			buildActionMask = 2147483647;
			files = (
				040E412D2BF5D34500358910 /* Preview Assets.xcassets in Resources */,
				040E412A2BF5D34500358910 /* Assets.xcassets in Resources */,
			);
			runOnlyForDeploymentPostprocessing = 0;
		};
/* End PBXResourcesBuildPhase section */

/* Begin PBXSourcesBuildPhase section */
		040E411E2BF5D34400358910 /* Sources */ = {
			isa = PBXSourcesBuildPhase;
			buildActionMask = 2147483647;
			files = (
				3FD2608F2C0032280076637D /* UserProfileView.swift in Sources */,
				04112AFC2C0FA02700F7F134 /* DataManager.swift in Sources */,
				14456E412C08417F00F24E96 /* ShopView.swift in Sources */,
				04112AF52C0F7CE300F7F134 /* CustomizeView.swift in Sources */,
				0482EF7E2C1078170079B120 /* Player.swift in Sources */,
				040E41282BF5D34400358910 /* ContentView.swift in Sources */,
				3FD2608B2C00310A0076637D /* CircleImage.swift in Sources */,
				04C996392C0F0FF4000F479A /* ProgressBar.swift in Sources */,
				3FD260892C0028B60076637D /* ProfileView.swift in Sources */,
				04112AFA2C0F9F8000F7F134 /* Accessory.swift in Sources */,
				04112B002C10009300F7F134 /* TamagochiDisplay.swift in Sources */,
				040E41262BF5D34400358910 /* MAD_ALP_Tim_CharlinApp.swift in Sources */,
				048DB3122C10B2C8006EA271 /* ScrollableSelectionView.swift in Sources */,
				0429AA492C083FFA005E85F4 /* ProgressView.swift in Sources */,
				04C996362C0EEEA9000F479A /* Tamagochi.swift in Sources */,
			);
			runOnlyForDeploymentPostprocessing = 0;
		};
/* End PBXSourcesBuildPhase section */

/* Begin XCBuildConfiguration section */
		040E412E2BF5D34500358910 /* Debug */ = {
			isa = XCBuildConfiguration;
			buildSettings = {
				ALWAYS_SEARCH_USER_PATHS = NO;
				ASSETCATALOG_COMPILER_GENERATE_SWIFT_ASSET_SYMBOL_EXTENSIONS = YES;
				CLANG_ANALYZER_NONNULL = YES;
				CLANG_ANALYZER_NUMBER_OBJECT_CONVERSION = YES_AGGRESSIVE;
				CLANG_CXX_LANGUAGE_STANDARD = "gnu++20";
				CLANG_ENABLE_MODULES = YES;
				CLANG_ENABLE_OBJC_ARC = YES;
				CLANG_ENABLE_OBJC_WEAK = YES;
				CLANG_WARN_BLOCK_CAPTURE_AUTORELEASING = YES;
				CLANG_WARN_BOOL_CONVERSION = YES;
				CLANG_WARN_COMMA = YES;
				CLANG_WARN_CONSTANT_CONVERSION = YES;
				CLANG_WARN_DEPRECATED_OBJC_IMPLEMENTATIONS = YES;
				CLANG_WARN_DIRECT_OBJC_ISA_USAGE = YES_ERROR;
				CLANG_WARN_DOCUMENTATION_COMMENTS = YES;
				CLANG_WARN_EMPTY_BODY = YES;
				CLANG_WARN_ENUM_CONVERSION = YES;
				CLANG_WARN_INFINITE_RECURSION = YES;
				CLANG_WARN_INT_CONVERSION = YES;
				CLANG_WARN_NON_LITERAL_NULL_CONVERSION = YES;
				CLANG_WARN_OBJC_IMPLICIT_RETAIN_SELF = YES;
				CLANG_WARN_OBJC_LITERAL_CONVERSION = YES;
				CLANG_WARN_OBJC_ROOT_CLASS = YES_ERROR;
				CLANG_WARN_QUOTED_INCLUDE_IN_FRAMEWORK_HEADER = YES;
				CLANG_WARN_RANGE_LOOP_ANALYSIS = YES;
				CLANG_WARN_STRICT_PROTOTYPES = YES;
				CLANG_WARN_SUSPICIOUS_MOVE = YES;
				CLANG_WARN_UNGUARDED_AVAILABILITY = YES_AGGRESSIVE;
				CLANG_WARN_UNREACHABLE_CODE = YES;
				CLANG_WARN__DUPLICATE_METHOD_MATCH = YES;
				COPY_PHASE_STRIP = NO;
				DEBUG_INFORMATION_FORMAT = dwarf;
				ENABLE_STRICT_OBJC_MSGSEND = YES;
				ENABLE_TESTABILITY = YES;
				ENABLE_USER_SCRIPT_SANDBOXING = YES;
				GCC_C_LANGUAGE_STANDARD = gnu17;
				GCC_DYNAMIC_NO_PIC = NO;
				GCC_NO_COMMON_BLOCKS = YES;
				GCC_OPTIMIZATION_LEVEL = 0;
				GCC_PREPROCESSOR_DEFINITIONS = (
					"DEBUG=1",
					"$(inherited)",
				);
				GCC_WARN_64_TO_32_BIT_CONVERSION = YES;
				GCC_WARN_ABOUT_RETURN_TYPE = YES_ERROR;
				GCC_WARN_UNDECLARED_SELECTOR = YES;
				GCC_WARN_UNINITIALIZED_AUTOS = YES_AGGRESSIVE;
				GCC_WARN_UNUSED_FUNCTION = YES;
				GCC_WARN_UNUSED_VARIABLE = YES;
				IPHONEOS_DEPLOYMENT_TARGET = 17.4;
				LOCALIZATION_PREFERS_STRING_CATALOGS = YES;
				MTL_ENABLE_DEBUG_INFO = INCLUDE_SOURCE;
				MTL_FAST_MATH = YES;
				ONLY_ACTIVE_ARCH = YES;
				SDKROOT = iphoneos;
				SWIFT_ACTIVE_COMPILATION_CONDITIONS = "DEBUG $(inherited)";
				SWIFT_OPTIMIZATION_LEVEL = "-Onone";
			};
			name = Debug;
		};
		040E412F2BF5D34500358910 /* Release */ = {
			isa = XCBuildConfiguration;
			buildSettings = {
				ALWAYS_SEARCH_USER_PATHS = NO;
				ASSETCATALOG_COMPILER_GENERATE_SWIFT_ASSET_SYMBOL_EXTENSIONS = YES;
				CLANG_ANALYZER_NONNULL = YES;
				CLANG_ANALYZER_NUMBER_OBJECT_CONVERSION = YES_AGGRESSIVE;
				CLANG_CXX_LANGUAGE_STANDARD = "gnu++20";
				CLANG_ENABLE_MODULES = YES;
				CLANG_ENABLE_OBJC_ARC = YES;
				CLANG_ENABLE_OBJC_WEAK = YES;
				CLANG_WARN_BLOCK_CAPTURE_AUTORELEASING = YES;
				CLANG_WARN_BOOL_CONVERSION = YES;
				CLANG_WARN_COMMA = YES;
				CLANG_WARN_CONSTANT_CONVERSION = YES;
				CLANG_WARN_DEPRECATED_OBJC_IMPLEMENTATIONS = YES;
				CLANG_WARN_DIRECT_OBJC_ISA_USAGE = YES_ERROR;
				CLANG_WARN_DOCUMENTATION_COMMENTS = YES;
				CLANG_WARN_EMPTY_BODY = YES;
				CLANG_WARN_ENUM_CONVERSION = YES;
				CLANG_WARN_INFINITE_RECURSION = YES;
				CLANG_WARN_INT_CONVERSION = YES;
				CLANG_WARN_NON_LITERAL_NULL_CONVERSION = YES;
				CLANG_WARN_OBJC_IMPLICIT_RETAIN_SELF = YES;
				CLANG_WARN_OBJC_LITERAL_CONVERSION = YES;
				CLANG_WARN_OBJC_ROOT_CLASS = YES_ERROR;
				CLANG_WARN_QUOTED_INCLUDE_IN_FRAMEWORK_HEADER = YES;
				CLANG_WARN_RANGE_LOOP_ANALYSIS = YES;
				CLANG_WARN_STRICT_PROTOTYPES = YES;
				CLANG_WARN_SUSPICIOUS_MOVE = YES;
				CLANG_WARN_UNGUARDED_AVAILABILITY = YES_AGGRESSIVE;
				CLANG_WARN_UNREACHABLE_CODE = YES;
				CLANG_WARN__DUPLICATE_METHOD_MATCH = YES;
				COPY_PHASE_STRIP = NO;
				DEBUG_INFORMATION_FORMAT = "dwarf-with-dsym";
				ENABLE_NS_ASSERTIONS = NO;
				ENABLE_STRICT_OBJC_MSGSEND = YES;
				ENABLE_USER_SCRIPT_SANDBOXING = YES;
				GCC_C_LANGUAGE_STANDARD = gnu17;
				GCC_NO_COMMON_BLOCKS = YES;
				GCC_WARN_64_TO_32_BIT_CONVERSION = YES;
				GCC_WARN_ABOUT_RETURN_TYPE = YES_ERROR;
				GCC_WARN_UNDECLARED_SELECTOR = YES;
				GCC_WARN_UNINITIALIZED_AUTOS = YES_AGGRESSIVE;
				GCC_WARN_UNUSED_FUNCTION = YES;
				GCC_WARN_UNUSED_VARIABLE = YES;
				IPHONEOS_DEPLOYMENT_TARGET = 17.4;
				LOCALIZATION_PREFERS_STRING_CATALOGS = YES;
				MTL_ENABLE_DEBUG_INFO = NO;
				MTL_FAST_MATH = YES;
				SDKROOT = iphoneos;
				SWIFT_COMPILATION_MODE = wholemodule;
				VALIDATE_PRODUCT = YES;
			};
			name = Release;
		};
		040E41312BF5D34500358910 /* Debug */ = {
			isa = XCBuildConfiguration;
			buildSettings = {
				ASSETCATALOG_COMPILER_APPICON_NAME = AppIcon;
				ASSETCATALOG_COMPILER_GLOBAL_ACCENT_COLOR_NAME = AccentColor;
				CODE_SIGN_STYLE = Automatic;
				CURRENT_PROJECT_VERSION = 1;
				DEVELOPMENT_ASSET_PATHS = "\"MAD ALP Tim Charlin/Preview Content\"";
				ENABLE_PREVIEWS = YES;
				GENERATE_INFOPLIST_FILE = YES;
				INFOPLIST_KEY_UIApplicationSceneManifest_Generation = YES;
				INFOPLIST_KEY_UIApplicationSupportsIndirectInputEvents = YES;
				INFOPLIST_KEY_UILaunchScreen_Generation = YES;
				INFOPLIST_KEY_UISupportedInterfaceOrientations_iPad = "UIInterfaceOrientationPortrait UIInterfaceOrientationPortraitUpsideDown UIInterfaceOrientationLandscapeLeft UIInterfaceOrientationLandscapeRight";
				INFOPLIST_KEY_UISupportedInterfaceOrientations_iPhone = "UIInterfaceOrientationPortrait UIInterfaceOrientationLandscapeLeft UIInterfaceOrientationLandscapeRight";
				IPHONEOS_DEPLOYMENT_TARGET = 17.2;
				LD_RUNPATH_SEARCH_PATHS = (
					"$(inherited)",
					"@executable_path/Frameworks",
				);
				MARKETING_VERSION = 1.0;
				PRODUCT_BUNDLE_IDENTIFIER = "Gavin.MAD-ALP-Tim-Charlin";
				PRODUCT_NAME = "$(TARGET_NAME)";
				SWIFT_EMIT_LOC_STRINGS = YES;
				SWIFT_VERSION = 5.0;
				TARGETED_DEVICE_FAMILY = "1,2";
			};
			name = Debug;
		};
		040E41322BF5D34500358910 /* Release */ = {
			isa = XCBuildConfiguration;
			buildSettings = {
				ASSETCATALOG_COMPILER_APPICON_NAME = AppIcon;
				ASSETCATALOG_COMPILER_GLOBAL_ACCENT_COLOR_NAME = AccentColor;
				CODE_SIGN_STYLE = Automatic;
				CURRENT_PROJECT_VERSION = 1;
				DEVELOPMENT_ASSET_PATHS = "\"MAD ALP Tim Charlin/Preview Content\"";
				ENABLE_PREVIEWS = YES;
				GENERATE_INFOPLIST_FILE = YES;
				INFOPLIST_KEY_UIApplicationSceneManifest_Generation = YES;
				INFOPLIST_KEY_UIApplicationSupportsIndirectInputEvents = YES;
				INFOPLIST_KEY_UILaunchScreen_Generation = YES;
				INFOPLIST_KEY_UISupportedInterfaceOrientations_iPad = "UIInterfaceOrientationPortrait UIInterfaceOrientationPortraitUpsideDown UIInterfaceOrientationLandscapeLeft UIInterfaceOrientationLandscapeRight";
				INFOPLIST_KEY_UISupportedInterfaceOrientations_iPhone = "UIInterfaceOrientationPortrait UIInterfaceOrientationLandscapeLeft UIInterfaceOrientationLandscapeRight";
				IPHONEOS_DEPLOYMENT_TARGET = 17.2;
				LD_RUNPATH_SEARCH_PATHS = (
					"$(inherited)",
					"@executable_path/Frameworks",
				);
				MARKETING_VERSION = 1.0;
				PRODUCT_BUNDLE_IDENTIFIER = "Gavin.MAD-ALP-Tim-Charlin";
				PRODUCT_NAME = "$(TARGET_NAME)";
				SWIFT_EMIT_LOC_STRINGS = YES;
				SWIFT_VERSION = 5.0;
				TARGETED_DEVICE_FAMILY = "1,2";
			};
			name = Release;
		};
/* End XCBuildConfiguration section */

/* Begin XCConfigurationList section */
		040E411D2BF5D34400358910 /* Build configuration list for PBXProject "MAD ALP Tim Charlin" */ = {
			isa = XCConfigurationList;
			buildConfigurations = (
				040E412E2BF5D34500358910 /* Debug */,
				040E412F2BF5D34500358910 /* Release */,
			);
			defaultConfigurationIsVisible = 0;
			defaultConfigurationName = Release;
		};
		040E41302BF5D34500358910 /* Build configuration list for PBXNativeTarget "MAD ALP Tim Charlin" */ = {
			isa = XCConfigurationList;
			buildConfigurations = (
				040E41312BF5D34500358910 /* Debug */,
				040E41322BF5D34500358910 /* Release */,
			);
			defaultConfigurationIsVisible = 0;
			defaultConfigurationName = Release;
		};
/* End XCConfigurationList section */
	};
	rootObject = 040E411A2BF5D34400358910 /* Project object */;
}
